PODS:
  - Alamofire (4.0.1)
  - Alamofire-Gloss (2.0.0):
    - Alamofire-Gloss/Core (= 2.0.0)
  - Alamofire-Gloss/Core (2.0.0):
    - Alamofire (~> 4.0)
    - Gloss (~> 1.0)
  - AlamofireNetworkActivityLogger (2.0.0):
    - Alamofire (~> 4.0)
  - Gloss (1.1.0)
  - HTMLString (1.0.2)
  - KeychainAccess (3.0.1)

DEPENDENCIES:
  - Alamofire (~> 4.0)
  - Alamofire-Gloss (~> 2.0)
  - AlamofireNetworkActivityLogger (~> 2.0)
  - Gloss (~> 1.1)
  - HTMLString
  - KeychainAccess

SPEC CHECKSUMS:
  Alamofire: 7682d43245de14874acd142ec137b144aa1dd335
  Alamofire-Gloss: dea192a13e23d323415e80e9b18d53915fd484bf
  AlamofireNetworkActivityLogger: 4639c88813101ee2be40f9a03b427e50296bb738
  Gloss: a8340c124ff69c5d1c12e06c252373f4a16d2958
  HTMLString: dffe085e416bd16a734c4eeee79953daa15fb560
  KeychainAccess: 017ea25e313a49eda10bb19b0bb0760fb1edfe1a

PODFILE CHECKSUM: 47d0dc110704c4cfa408722fb4fed24b52939fe7

COCOAPODS: 1.1.1
